// !$*UTF8*$!
{
	archiveVersion = 1;
	classes = {
	};
	objectVersion = 46;
	objects = {

/* Begin PBXBuildFile section */
		4C3906311606212F00155E4E /* UIKit.framework in Frameworks */ = {isa = PBXBuildFile; fileRef = 4C3906301606212F00155E4E /* UIKit.framework */; };
		4C3906331606212F00155E4E /* Foundation.framework in Frameworks */ = {isa = PBXBuildFile; fileRef = 4C3906321606212F00155E4E /* Foundation.framework */; };
		4C3906351606212F00155E4E /* CoreGraphics.framework in Frameworks */ = {isa = PBXBuildFile; fileRef = 4C3906341606212F00155E4E /* CoreGraphics.framework */; };
		4C39063B1606212F00155E4E /* InfoPlist.strings in Resources */ = {isa = PBXBuildFile; fileRef = 4C3906391606212F00155E4E /* InfoPlist.strings */; };
		4C39063D1606212F00155E4E /* main.m in Sources */ = {isa = PBXBuildFile; fileRef = 4C39063C1606212F00155E4E /* main.m */; };
		4C3906411606212F00155E4E /* AppDelegate.m in Sources */ = {isa = PBXBuildFile; fileRef = 4C3906401606212F00155E4E /* AppDelegate.m */; };
		4C39064F1606229300155E4E /* MVAlbumsViewController.m in Sources */ = {isa = PBXBuildFile; fileRef = 4C39064E1606229300155E4E /* MVAlbumsViewController.m */; };
		4C3906531606242A00155E4E /* MVJSONGetRequest.m in Sources */ = {isa = PBXBuildFile; fileRef = 4C3906521606242A00155E4E /* MVJSONGetRequest.m */; };
		4C3906561606247B00155E4E /* MViTunesSearchRequest.m in Sources */ = {isa = PBXBuildFile; fileRef = 4C3906551606247B00155E4E /* MViTunesSearchRequest.m */; };
		4C3906591606281400155E4E /* MVCoreManager.m in Sources */ = {isa = PBXBuildFile; fileRef = 4C3906581606281400155E4E /* MVCoreManager.m */; };
		4C39065B16062B1C00155E4E /* MediaPlayer.framework in Frameworks */ = {isa = PBXBuildFile; fileRef = 4C39065A16062B1C00155E4E /* MediaPlayer.framework */; };
		4C39065E16062E4D00155E4E /* NSString+Escaping.m in Sources */ = {isa = PBXBuildFile; fileRef = 4C39065D16062E4D00155E4E /* NSString+Escaping.m */; };
		4C3906611606341300155E4E /* Model.xcdatamodeld in Sources */ = {isa = PBXBuildFile; fileRef = 4C39065F1606341300155E4E /* Model.xcdatamodeld */; };
		4C39066F1606355500155E4E /* MVAlbum.m in Sources */ = {isa = PBXBuildFile; fileRef = 4C3906671606355500155E4E /* MVAlbum.m */; };
		4C3906701606355500155E4E /* MVArtist.m in Sources */ = {isa = PBXBuildFile; fileRef = 4C3906691606355500155E4E /* MVArtist.m */; };
		4C3906711606355500155E4E /* _MVAlbum.m in Sources */ = {isa = PBXBuildFile; fileRef = 4C39066C1606355500155E4E /* _MVAlbum.m */; };
		4C3906721606355500155E4E /* _MVArtist.m in Sources */ = {isa = PBXBuildFile; fileRef = 4C39066E1606355500155E4E /* _MVArtist.m */; };
		4C3906741606356F00155E4E /* CoreData.framework in Frameworks */ = {isa = PBXBuildFile; fileRef = 4C3906731606356F00155E4E /* CoreData.framework */; };
		4C390684160636DB00155E4E /* MVBaseModel.m in Sources */ = {isa = PBXBuildFile; fileRef = 4C390683160636DB00155E4E /* MVBaseModel.m */; };
		4C39068A16063B6400155E4E /* MVArtistIdsRequest.m in Sources */ = {isa = PBXBuildFile; fileRef = 4C39068916063B6400155E4E /* MVArtistIdsRequest.m */; };
		4C39068E16063D8E00155E4E /* NSManagedObjectContext+Saving.m in Sources */ = {isa = PBXBuildFile; fileRef = 4C39068D16063D8E00155E4E /* NSManagedObjectContext+Saving.m */; };
		4C39069516063FD200155E4E /* MVArtistName.m in Sources */ = {isa = PBXBuildFile; fileRef = 4C39069416063FD200155E4E /* MVArtistName.m */; };
		4C39069816063FE400155E4E /* _MVArtistName.m in Sources */ = {isa = PBXBuildFile; fileRef = 4C39069716063FE400155E4E /* _MVArtistName.m */; };
		4C39069B160644DC00155E4E /* MVAlbumsRequest.m in Sources */ = {isa = PBXBuildFile; fileRef = 4C39069A160644DB00155E4E /* MVAlbumsRequest.m */; };
		4C4465C81618BA3700F8D4E3 /* MVView.m in Sources */ = {isa = PBXBuildFile; fileRef = 4C4465C71618BA3700F8D4E3 /* MVView.m */; };
		4C4FD4D316BD544D005DC397 /* Settings.bundle in Resources */ = {isa = PBXBuildFile; fileRef = 4C4FD4D216BD544D005DC397 /* Settings.bundle */; };
		4C5140841606786100279CA0 /* MVAlbumCell.m in Sources */ = {isa = PBXBuildFile; fileRef = 4C5140831606786100279CA0 /* MVAlbumCell.m */; };
		4C51408F16067C3400279CA0 /* MVAssetsManager.m in Sources */ = {isa = PBXBuildFile; fileRef = 4C51408816067C3400279CA0 /* MVAssetsManager.m */; };
		4C51409016067C3400279CA0 /* MVAsset.m in Sources */ = {isa = PBXBuildFile; fileRef = 4C51408B16067C3400279CA0 /* MVAsset.m */; };
		4C51409116067C3400279CA0 /* MVFileDownload.m in Sources */ = {isa = PBXBuildFile; fileRef = 4C51408E16067C3400279CA0 /* MVFileDownload.m */; };
		4C51409416067C4B00279CA0 /* NSString+Digest.m in Sources */ = {isa = PBXBuildFile; fileRef = 4C51409316067C4B00279CA0 /* NSString+Digest.m */; };
		4C585EDB16D6ACDB008A9C23 /* MVFirstSyncViewController.m in Sources */ = {isa = PBXBuildFile; fileRef = 4C585EDA16D6ACDB008A9C23 /* MVFirstSyncViewController.m */; };
		4C585EE016D6B0A5008A9C23 /* flat_icon@2x.png in Resources */ = {isa = PBXBuildFile; fileRef = 4C585EDF16D6B0A5008A9C23 /* flat_icon@2x.png */; };
		4C585EE316D6B4A7008A9C23 /* progress_bar_progress@2x.png in Resources */ = {isa = PBXBuildFile; fileRef = 4C585EE116D6B4A7008A9C23 /* progress_bar_progress@2x.png */; };
		4C585EE416D6B4A7008A9C23 /* progress_bar_track@2x.png in Resources */ = {isa = PBXBuildFile; fileRef = 4C585EE216D6B4A7008A9C23 /* progress_bar_track@2x.png */; };
		4C585EE616D6BF3A008A9C23 /* Default@2x.png in Resources */ = {isa = PBXBuildFile; fileRef = 4C585EE516D6BF3A008A9C23 /* Default@2x.png */; };
		4C5FCC7F16DBD8CF0054817B /* MVStatusBarOverlay.m in Sources */ = {isa = PBXBuildFile; fileRef = 4C5FCC7E16DBD8CF0054817B /* MVStatusBarOverlay.m */; };
		4C68CA341625FC58005B6878 /* MVRootViewController.m in Sources */ = {isa = PBXBuildFile; fileRef = 4C68CA331625FC57005B6878 /* MVRootViewController.m */; };
		4C68CA3816260173005B6878 /* MVWindow.m in Sources */ = {isa = PBXBuildFile; fileRef = 4C68CA3716260173005B6878 /* MVWindow.m */; };
		4C68CA4216260EC3005B6878 /* QuartzCore.framework in Frameworks */ = {isa = PBXBuildFile; fileRef = 4C68CA4116260EC3005B6878 /* QuartzCore.framework */; };
		4C9E36771654859E00EBF020 /* Default-568h@2x.png in Resources */ = {isa = PBXBuildFile; fileRef = 4C9E36761654859E00EBF020 /* Default-568h@2x.png */; };
		4CA3D56116D2CD5900089C63 /* MVOption.m in Sources */ = {isa = PBXBuildFile; fileRef = 4CA3D56016D2CD5900089C63 /* MVOption.m */; };
		4CA3D56416D2CD6400089C63 /* _MVOption.m in Sources */ = {isa = PBXBuildFile; fileRef = 4CA3D56316D2CD6400089C63 /* _MVOption.m */; };
		4CDDE0CA16C1BB6400EFA4F8 /* icon.png in Resources */ = {isa = PBXBuildFile; fileRef = 4CDDE0C916C1BB6400EFA4F8 /* icon.png */; };
		4CE87C58169E7A0E00395FAA /* MVCell.m in Sources */ = {isa = PBXBuildFile; fileRef = 4CE87C57169E7A0E00395FAA /* MVCell.m */; };
		4CFE72C816934BAA00DDDF61 /* MVRoundedLabelView.m in Sources */ = {isa = PBXBuildFile; fileRef = 4CFE72C716934BAA00DDDF61 /* MVRoundedLabelView.m */; };
		4CFE72D51694B90A00DDDF61 /* MVCoreDataFactory.m in Sources */ = {isa = PBXBuildFile; fileRef = 4CFE72D41694B90A00DDDF61 /* MVCoreDataFactory.m */; };
		4CFE72D81694B93700DDDF61 /* NSObject+PerformBlockOnThread.m in Sources */ = {isa = PBXBuildFile; fileRef = 4CFE72D71694B93700DDDF61 /* NSObject+PerformBlockOnThread.m */; };
		4CFE72DB1694B9A100DDDF61 /* MVManagedObjectContext.m in Sources */ = {isa = PBXBuildFile; fileRef = 4CFE72DA1694B9A100DDDF61 /* MVManagedObjectContext.m */; };
/* End PBXBuildFile section */

/* Begin PBXFileReference section */
		4C39062C1606212F00155E4E /* Albums.app */ = {isa = PBXFileReference; explicitFileType = wrapper.application; includeInIndex = 0; path = Albums.app; sourceTree = BUILT_PRODUCTS_DIR; };
		4C3906301606212F00155E4E /* UIKit.framework */ = {isa = PBXFileReference; lastKnownFileType = wrapper.framework; name = UIKit.framework; path = System/Library/Frameworks/UIKit.framework; sourceTree = SDKROOT; };
		4C3906321606212F00155E4E /* Foundation.framework */ = {isa = PBXFileReference; lastKnownFileType = wrapper.framework; name = Foundation.framework; path = System/Library/Frameworks/Foundation.framework; sourceTree = SDKROOT; };
		4C3906341606212F00155E4E /* CoreGraphics.framework */ = {isa = PBXFileReference; lastKnownFileType = wrapper.framework; name = CoreGraphics.framework; path = System/Library/Frameworks/CoreGraphics.framework; sourceTree = SDKROOT; };
		4C3906381606212F00155E4E /* Albums-Info.plist */ = {isa = PBXFileReference; lastKnownFileType = text.plist.xml; path = "Albums-Info.plist"; sourceTree = "<group>"; };
		4C39063A1606212F00155E4E /* en */ = {isa = PBXFileReference; lastKnownFileType = text.plist.strings; name = en; path = en.lproj/InfoPlist.strings; sourceTree = "<group>"; };
		4C39063C1606212F00155E4E /* main.m */ = {isa = PBXFileReference; lastKnownFileType = sourcecode.c.objc; path = main.m; sourceTree = "<group>"; };
		4C39063E1606212F00155E4E /* Albums-Prefix.pch */ = {isa = PBXFileReference; lastKnownFileType = sourcecode.c.h; path = "Albums-Prefix.pch"; sourceTree = "<group>"; };
		4C39063F1606212F00155E4E /* AppDelegate.h */ = {isa = PBXFileReference; lastKnownFileType = sourcecode.c.h; path = AppDelegate.h; sourceTree = "<group>"; };
		4C3906401606212F00155E4E /* AppDelegate.m */ = {isa = PBXFileReference; lastKnownFileType = sourcecode.c.objc; path = AppDelegate.m; sourceTree = "<group>"; };
		4C39064D1606229300155E4E /* MVAlbumsViewController.h */ = {isa = PBXFileReference; fileEncoding = 4; lastKnownFileType = sourcecode.c.h; path = MVAlbumsViewController.h; sourceTree = "<group>"; };
		4C39064E1606229300155E4E /* MVAlbumsViewController.m */ = {isa = PBXFileReference; fileEncoding = 4; lastKnownFileType = sourcecode.c.objc; path = MVAlbumsViewController.m; sourceTree = "<group>"; };
		4C3906511606242A00155E4E /* MVJSONGetRequest.h */ = {isa = PBXFileReference; fileEncoding = 4; lastKnownFileType = sourcecode.c.h; path = MVJSONGetRequest.h; sourceTree = "<group>"; };
		4C3906521606242A00155E4E /* MVJSONGetRequest.m */ = {isa = PBXFileReference; fileEncoding = 4; lastKnownFileType = sourcecode.c.objc; path = MVJSONGetRequest.m; sourceTree = "<group>"; };
		4C3906541606247B00155E4E /* MViTunesSearchRequest.h */ = {isa = PBXFileReference; fileEncoding = 4; lastKnownFileType = sourcecode.c.h; path = MViTunesSearchRequest.h; sourceTree = "<group>"; };
		4C3906551606247B00155E4E /* MViTunesSearchRequest.m */ = {isa = PBXFileReference; fileEncoding = 4; lastKnownFileType = sourcecode.c.objc; path = MViTunesSearchRequest.m; sourceTree = "<group>"; };
		4C3906571606281400155E4E /* MVCoreManager.h */ = {isa = PBXFileReference; fileEncoding = 4; lastKnownFileType = sourcecode.c.h; path = MVCoreManager.h; sourceTree = "<group>"; };
		4C3906581606281400155E4E /* MVCoreManager.m */ = {isa = PBXFileReference; fileEncoding = 4; lastKnownFileType = sourcecode.c.objc; path = MVCoreManager.m; sourceTree = "<group>"; };
		4C39065A16062B1C00155E4E /* MediaPlayer.framework */ = {isa = PBXFileReference; lastKnownFileType = wrapper.framework; name = MediaPlayer.framework; path = System/Library/Frameworks/MediaPlayer.framework; sourceTree = SDKROOT; };
		4C39065C16062E4D00155E4E /* NSString+Escaping.h */ = {isa = PBXFileReference; fileEncoding = 4; lastKnownFileType = sourcecode.c.h; path = "NSString+Escaping.h"; sourceTree = "<group>"; };
		4C39065D16062E4D00155E4E /* NSString+Escaping.m */ = {isa = PBXFileReference; fileEncoding = 4; lastKnownFileType = sourcecode.c.objc; path = "NSString+Escaping.m"; sourceTree = "<group>"; };
		4C3906601606341300155E4E /* Model.xcdatamodel */ = {isa = PBXFileReference; lastKnownFileType = wrapper.xcdatamodel; path = Model.xcdatamodel; sourceTree = "<group>"; };
		4C3906661606355500155E4E /* MVAlbum.h */ = {isa = PBXFileReference; fileEncoding = 4; lastKnownFileType = sourcecode.c.h; path = MVAlbum.h; sourceTree = "<group>"; };
		4C3906671606355500155E4E /* MVAlbum.m */ = {isa = PBXFileReference; fileEncoding = 4; lastKnownFileType = sourcecode.c.objc; path = MVAlbum.m; sourceTree = "<group>"; };
		4C3906681606355500155E4E /* MVArtist.h */ = {isa = PBXFileReference; fileEncoding = 4; lastKnownFileType = sourcecode.c.h; path = MVArtist.h; sourceTree = "<group>"; };
		4C3906691606355500155E4E /* MVArtist.m */ = {isa = PBXFileReference; fileEncoding = 4; lastKnownFileType = sourcecode.c.objc; path = MVArtist.m; sourceTree = "<group>"; };
		4C39066B1606355500155E4E /* _MVAlbum.h */ = {isa = PBXFileReference; fileEncoding = 4; lastKnownFileType = sourcecode.c.h; path = _MVAlbum.h; sourceTree = "<group>"; };
		4C39066C1606355500155E4E /* _MVAlbum.m */ = {isa = PBXFileReference; fileEncoding = 4; lastKnownFileType = sourcecode.c.objc; path = _MVAlbum.m; sourceTree = "<group>"; };
		4C39066D1606355500155E4E /* _MVArtist.h */ = {isa = PBXFileReference; fileEncoding = 4; lastKnownFileType = sourcecode.c.h; path = _MVArtist.h; sourceTree = "<group>"; };
		4C39066E1606355500155E4E /* _MVArtist.m */ = {isa = PBXFileReference; fileEncoding = 4; lastKnownFileType = sourcecode.c.objc; path = _MVArtist.m; sourceTree = "<group>"; };
		4C3906731606356F00155E4E /* CoreData.framework */ = {isa = PBXFileReference; lastKnownFileType = wrapper.framework; name = CoreData.framework; path = System/Library/Frameworks/CoreData.framework; sourceTree = SDKROOT; };
		4C390682160636DB00155E4E /* MVBaseModel.h */ = {isa = PBXFileReference; fileEncoding = 4; lastKnownFileType = sourcecode.c.h; path = MVBaseModel.h; sourceTree = "<group>"; };
		4C390683160636DB00155E4E /* MVBaseModel.m */ = {isa = PBXFileReference; fileEncoding = 4; lastKnownFileType = sourcecode.c.objc; path = MVBaseModel.m; sourceTree = "<group>"; };
		4C39068816063B6400155E4E /* MVArtistIdsRequest.h */ = {isa = PBXFileReference; fileEncoding = 4; lastKnownFileType = sourcecode.c.h; path = MVArtistIdsRequest.h; sourceTree = "<group>"; };
		4C39068916063B6400155E4E /* MVArtistIdsRequest.m */ = {isa = PBXFileReference; fileEncoding = 4; lastKnownFileType = sourcecode.c.objc; path = MVArtistIdsRequest.m; sourceTree = "<group>"; };
		4C39068B16063CBA00155E4E /* MVContextSource.h */ = {isa = PBXFileReference; lastKnownFileType = sourcecode.c.h; path = MVContextSource.h; sourceTree = "<group>"; };
		4C39068C16063D8E00155E4E /* NSManagedObjectContext+Saving.h */ = {isa = PBXFileReference; fileEncoding = 4; lastKnownFileType = sourcecode.c.h; path = "NSManagedObjectContext+Saving.h"; sourceTree = "<group>"; };
		4C39068D16063D8E00155E4E /* NSManagedObjectContext+Saving.m */ = {isa = PBXFileReference; fileEncoding = 4; lastKnownFileType = sourcecode.c.objc; path = "NSManagedObjectContext+Saving.m"; sourceTree = "<group>"; };
		4C39069316063FD200155E4E /* MVArtistName.h */ = {isa = PBXFileReference; fileEncoding = 4; lastKnownFileType = sourcecode.c.h; path = MVArtistName.h; sourceTree = "<group>"; };
		4C39069416063FD200155E4E /* MVArtistName.m */ = {isa = PBXFileReference; fileEncoding = 4; lastKnownFileType = sourcecode.c.objc; path = MVArtistName.m; sourceTree = "<group>"; };
		4C39069616063FE400155E4E /* _MVArtistName.h */ = {isa = PBXFileReference; fileEncoding = 4; lastKnownFileType = sourcecode.c.h; path = _MVArtistName.h; sourceTree = "<group>"; };
		4C39069716063FE400155E4E /* _MVArtistName.m */ = {isa = PBXFileReference; fileEncoding = 4; lastKnownFileType = sourcecode.c.objc; path = _MVArtistName.m; sourceTree = "<group>"; };
		4C390699160644DB00155E4E /* MVAlbumsRequest.h */ = {isa = PBXFileReference; fileEncoding = 4; lastKnownFileType = sourcecode.c.h; path = MVAlbumsRequest.h; sourceTree = "<group>"; };
		4C39069A160644DB00155E4E /* MVAlbumsRequest.m */ = {isa = PBXFileReference; fileEncoding = 4; lastKnownFileType = sourcecode.c.objc; path = MVAlbumsRequest.m; sourceTree = "<group>"; };
		4C4465C61618BA3700F8D4E3 /* MVView.h */ = {isa = PBXFileReference; fileEncoding = 4; lastKnownFileType = sourcecode.c.h; path = MVView.h; sourceTree = "<group>"; };
		4C4465C71618BA3700F8D4E3 /* MVView.m */ = {isa = PBXFileReference; fileEncoding = 4; lastKnownFileType = sourcecode.c.objc; path = MVView.m; sourceTree = "<group>"; };
		4C4FD4D216BD544D005DC397 /* Settings.bundle */ = {isa = PBXFileReference; lastKnownFileType = "wrapper.plug-in"; name = Settings.bundle; path = ../Settings.bundle; sourceTree = "<group>"; };
		4C5140821606786100279CA0 /* MVAlbumCell.h */ = {isa = PBXFileReference; fileEncoding = 4; lastKnownFileType = sourcecode.c.h; path = MVAlbumCell.h; sourceTree = "<group>"; };
		4C5140831606786100279CA0 /* MVAlbumCell.m */ = {isa = PBXFileReference; fileEncoding = 4; lastKnownFileType = sourcecode.c.objc; path = MVAlbumCell.m; sourceTree = "<group>"; };
		4C51408716067C3400279CA0 /* MVAssetsManager.h */ = {isa = PBXFileReference; fileEncoding = 4; lastKnownFileType = sourcecode.c.h; path = MVAssetsManager.h; sourceTree = "<group>"; };
		4C51408816067C3400279CA0 /* MVAssetsManager.m */ = {isa = PBXFileReference; fileEncoding = 4; lastKnownFileType = sourcecode.c.objc; path = MVAssetsManager.m; sourceTree = "<group>"; };
		4C51408916067C3400279CA0 /* MVAssetsManager_Private.h */ = {isa = PBXFileReference; fileEncoding = 4; lastKnownFileType = sourcecode.c.h; path = MVAssetsManager_Private.h; sourceTree = "<group>"; };
		4C51408A16067C3400279CA0 /* MVAsset.h */ = {isa = PBXFileReference; fileEncoding = 4; lastKnownFileType = sourcecode.c.h; path = MVAsset.h; sourceTree = "<group>"; };
		4C51408B16067C3400279CA0 /* MVAsset.m */ = {isa = PBXFileReference; fileEncoding = 4; lastKnownFileType = sourcecode.c.objc; path = MVAsset.m; sourceTree = "<group>"; };
		4C51408C16067C3400279CA0 /* MVAsset_Private.h */ = {isa = PBXFileReference; fileEncoding = 4; lastKnownFileType = sourcecode.c.h; path = MVAsset_Private.h; sourceTree = "<group>"; };
		4C51408D16067C3400279CA0 /* MVFileDownload.h */ = {isa = PBXFileReference; fileEncoding = 4; lastKnownFileType = sourcecode.c.h; path = MVFileDownload.h; sourceTree = "<group>"; };
		4C51408E16067C3400279CA0 /* MVFileDownload.m */ = {isa = PBXFileReference; fileEncoding = 4; lastKnownFileType = sourcecode.c.objc; path = MVFileDownload.m; sourceTree = "<group>"; };
		4C51409216067C4B00279CA0 /* NSString+Digest.h */ = {isa = PBXFileReference; fileEncoding = 4; lastKnownFileType = sourcecode.c.h; path = "NSString+Digest.h"; sourceTree = "<group>"; };
		4C51409316067C4B00279CA0 /* NSString+Digest.m */ = {isa = PBXFileReference; fileEncoding = 4; lastKnownFileType = sourcecode.c.objc; path = "NSString+Digest.m"; sourceTree = "<group>"; };
		4C585ED916D6ACDB008A9C23 /* MVFirstSyncViewController.h */ = {isa = PBXFileReference; fileEncoding = 4; lastKnownFileType = sourcecode.c.h; path = MVFirstSyncViewController.h; sourceTree = "<group>"; };
		4C585EDA16D6ACDB008A9C23 /* MVFirstSyncViewController.m */ = {isa = PBXFileReference; fileEncoding = 4; lastKnownFileType = sourcecode.c.objc; path = MVFirstSyncViewController.m; sourceTree = "<group>"; };
		4C585EDF16D6B0A5008A9C23 /* flat_icon@2x.png */ = {isa = PBXFileReference; lastKnownFileType = image.png; path = "flat_icon@2x.png"; sourceTree = "<group>"; };
		4C585EE116D6B4A7008A9C23 /* progress_bar_progress@2x.png */ = {isa = PBXFileReference; lastKnownFileType = image.png; path = "progress_bar_progress@2x.png"; sourceTree = "<group>"; };
		4C585EE216D6B4A7008A9C23 /* progress_bar_track@2x.png */ = {isa = PBXFileReference; lastKnownFileType = image.png; path = "progress_bar_track@2x.png"; sourceTree = "<group>"; };
		4C585EE516D6BF3A008A9C23 /* Default@2x.png */ = {isa = PBXFileReference; lastKnownFileType = image.png; name = "Default@2x.png"; path = "../Default@2x.png"; sourceTree = "<group>"; };
		4C5FCC7D16DBD8CF0054817B /* MVStatusBarOverlay.h */ = {isa = PBXFileReference; fileEncoding = 4; lastKnownFileType = sourcecode.c.h; path = MVStatusBarOverlay.h; sourceTree = "<group>"; };
		4C5FCC7E16DBD8CF0054817B /* MVStatusBarOverlay.m */ = {isa = PBXFileReference; fileEncoding = 4; lastKnownFileType = sourcecode.c.objc; path = MVStatusBarOverlay.m; sourceTree = "<group>"; };
		4C68CA321625FC57005B6878 /* MVRootViewController.h */ = {isa = PBXFileReference; fileEncoding = 4; lastKnownFileType = sourcecode.c.h; path = MVRootViewController.h; sourceTree = "<group>"; };
		4C68CA331625FC57005B6878 /* MVRootViewController.m */ = {isa = PBXFileReference; fileEncoding = 4; lastKnownFileType = sourcecode.c.objc; path = MVRootViewController.m; sourceTree = "<group>"; };
		4C68CA3616260173005B6878 /* MVWindow.h */ = {isa = PBXFileReference; fileEncoding = 4; lastKnownFileType = sourcecode.c.h; path = MVWindow.h; sourceTree = "<group>"; };
		4C68CA3716260173005B6878 /* MVWindow.m */ = {isa = PBXFileReference; fileEncoding = 4; lastKnownFileType = sourcecode.c.objc; path = MVWindow.m; sourceTree = "<group>"; };
		4C68CA4116260EC3005B6878 /* QuartzCore.framework */ = {isa = PBXFileReference; lastKnownFileType = wrapper.framework; name = QuartzCore.framework; path = System/Library/Frameworks/QuartzCore.framework; sourceTree = SDKROOT; };
		4C89E15D1618F28B00810C91 /* MVConstants.h */ = {isa = PBXFileReference; lastKnownFileType = sourcecode.c.h; path = MVConstants.h; sourceTree = "<group>"; };
		4C9E36761654859E00EBF020 /* Default-568h@2x.png */ = {isa = PBXFileReference; lastKnownFileType = image.png; name = "Default-568h@2x.png"; path = "../Default-568h@2x.png"; sourceTree = "<group>"; };
		4CA3D55F16D2CD5900089C63 /* MVOption.h */ = {isa = PBXFileReference; fileEncoding = 4; lastKnownFileType = sourcecode.c.h; path = MVOption.h; sourceTree = "<group>"; };
		4CA3D56016D2CD5900089C63 /* MVOption.m */ = {isa = PBXFileReference; fileEncoding = 4; lastKnownFileType = sourcecode.c.objc; path = MVOption.m; sourceTree = "<group>"; };
		4CA3D56216D2CD6400089C63 /* _MVOption.h */ = {isa = PBXFileReference; fileEncoding = 4; lastKnownFileType = sourcecode.c.h; path = _MVOption.h; sourceTree = "<group>"; };
		4CA3D56316D2CD6400089C63 /* _MVOption.m */ = {isa = PBXFileReference; fileEncoding = 4; lastKnownFileType = sourcecode.c.objc; path = _MVOption.m; sourceTree = "<group>"; };
		4CDDE0C916C1BB6400EFA4F8 /* icon.png */ = {isa = PBXFileReference; lastKnownFileType = image.png; name = icon.png; path = ../icon.png; sourceTree = "<group>"; };
		4CE87C56169E7A0E00395FAA /* MVCell.h */ = {isa = PBXFileReference; fileEncoding = 4; lastKnownFileType = sourcecode.c.h; path = MVCell.h; sourceTree = "<group>"; };
		4CE87C57169E7A0E00395FAA /* MVCell.m */ = {isa = PBXFileReference; fileEncoding = 4; lastKnownFileType = sourcecode.c.objc; path = MVCell.m; sourceTree = "<group>"; };
		4CFE72C616934BAA00DDDF61 /* MVRoundedLabelView.h */ = {isa = PBXFileReference; fileEncoding = 4; lastKnownFileType = sourcecode.c.h; path = MVRoundedLabelView.h; sourceTree = "<group>"; };
		4CFE72C716934BAA00DDDF61 /* MVRoundedLabelView.m */ = {isa = PBXFileReference; fileEncoding = 4; lastKnownFileType = sourcecode.c.objc; path = MVRoundedLabelView.m; sourceTree = "<group>"; };
		4CFE72D31694B90A00DDDF61 /* MVCoreDataFactory.h */ = {isa = PBXFileReference; fileEncoding = 4; lastKnownFileType = sourcecode.c.h; path = MVCoreDataFactory.h; sourceTree = "<group>"; };
		4CFE72D41694B90A00DDDF61 /* MVCoreDataFactory.m */ = {isa = PBXFileReference; fileEncoding = 4; lastKnownFileType = sourcecode.c.objc; path = MVCoreDataFactory.m; sourceTree = "<group>"; };
		4CFE72D61694B93700DDDF61 /* NSObject+PerformBlockOnThread.h */ = {isa = PBXFileReference; fileEncoding = 4; lastKnownFileType = sourcecode.c.h; path = "NSObject+PerformBlockOnThread.h"; sourceTree = "<group>"; };
		4CFE72D71694B93700DDDF61 /* NSObject+PerformBlockOnThread.m */ = {isa = PBXFileReference; fileEncoding = 4; lastKnownFileType = sourcecode.c.objc; path = "NSObject+PerformBlockOnThread.m"; sourceTree = "<group>"; };
		4CFE72D91694B97F00DDDF61 /* MVManagedObjectContext.h */ = {isa = PBXFileReference; fileEncoding = 4; lastKnownFileType = sourcecode.c.h; path = MVManagedObjectContext.h; sourceTree = "<group>"; };
		4CFE72DA1694B9A100DDDF61 /* MVManagedObjectContext.m */ = {isa = PBXFileReference; fileEncoding = 4; lastKnownFileType = sourcecode.c.objc; path = MVManagedObjectContext.m; sourceTree = "<group>"; };
/* End PBXFileReference section */

/* Begin PBXFrameworksBuildPhase section */
		4C3906291606212F00155E4E /* Frameworks */ = {
			isa = PBXFrameworksBuildPhase;
			buildActionMask = 2147483647;
			files = (
				4C68CA4216260EC3005B6878 /* QuartzCore.framework in Frameworks */,
				4C3906741606356F00155E4E /* CoreData.framework in Frameworks */,
				4C39065B16062B1C00155E4E /* MediaPlayer.framework in Frameworks */,
				4C3906311606212F00155E4E /* UIKit.framework in Frameworks */,
				4C3906331606212F00155E4E /* Foundation.framework in Frameworks */,
				4C3906351606212F00155E4E /* CoreGraphics.framework in Frameworks */,
			);
			runOnlyForDeploymentPostprocessing = 0;
		};
/* End PBXFrameworksBuildPhase section */

/* Begin PBXGroup section */
		4C3906211606212F00155E4E = {
			isa = PBXGroup;
			children = (
				4C3906361606212F00155E4E /* Albums */,
				4C39062F1606212F00155E4E /* Frameworks */,
				4C39062D1606212F00155E4E /* Products */,
			);
			sourceTree = "<group>";
		};
		4C39062D1606212F00155E4E /* Products */ = {
			isa = PBXGroup;
			children = (
				4C39062C1606212F00155E4E /* Albums.app */,
			);
			name = Products;
			sourceTree = "<group>";
		};
		4C39062F1606212F00155E4E /* Frameworks */ = {
			isa = PBXGroup;
			children = (
				4C68CA4116260EC3005B6878 /* QuartzCore.framework */,
				4C3906731606356F00155E4E /* CoreData.framework */,
				4C39065A16062B1C00155E4E /* MediaPlayer.framework */,
				4C3906301606212F00155E4E /* UIKit.framework */,
				4C3906321606212F00155E4E /* Foundation.framework */,
				4C3906341606212F00155E4E /* CoreGraphics.framework */,
			);
			name = Frameworks;
			sourceTree = "<group>";
		};
		4C3906361606212F00155E4E /* Albums */ = {
			isa = PBXGroup;
			children = (
				4C51408616067C2B00279CA0 /* Assets */,
				4C39069216063F3400155E4E /* Controllers */,
				4C4465C51618BA2900F8D4E3 /* UI */,
				4C39069116063F2800155E4E /* Categories */,
				4C3906501606241400155E4E /* Management */,
				4C585EDC16D6B078008A9C23 /* Images */,
				4C3906371606212F00155E4E /* Supporting Files */,
				4C39065F1606341300155E4E /* Model.xcdatamodeld */,
			);
			path = Albums;
			sourceTree = "<group>";
		};
		4C3906371606212F00155E4E /* Supporting Files */ = {
			isa = PBXGroup;
			children = (
				4C4FD4D216BD544D005DC397 /* Settings.bundle */,
				4C3906381606212F00155E4E /* Albums-Info.plist */,
				4C3906391606212F00155E4E /* InfoPlist.strings */,
				4C39063C1606212F00155E4E /* main.m */,
				4C39063E1606212F00155E4E /* Albums-Prefix.pch */,
				4C585EE516D6BF3A008A9C23 /* Default@2x.png */,
				4C9E36761654859E00EBF020 /* Default-568h@2x.png */,
			);
			name = "Supporting Files";
			sourceTree = "<group>";
		};
		4C3906501606241400155E4E /* Management */ = {
			isa = PBXGroup;
			children = (
				4C39069016063F0B00155E4E /* iTunes API */,
				4C39068F16063F0200155E4E /* Helpers */,
				4C3906641606355500155E4E /* Models */,
				4C3906571606281400155E4E /* MVCoreManager.h */,
				4C3906581606281400155E4E /* MVCoreManager.m */,
				4CFE72D31694B90A00DDDF61 /* MVCoreDataFactory.h */,
				4CFE72D41694B90A00DDDF61 /* MVCoreDataFactory.m */,
				4C39068B16063CBA00155E4E /* MVContextSource.h */,
			);
			name = Management;
			sourceTree = "<group>";
		};
		4C3906641606355500155E4E /* Models */ = {
			isa = PBXGroup;
			children = (
				4C3906651606355500155E4E /* Human */,
				4C39066A1606355500155E4E /* Machine */,
				4C390682160636DB00155E4E /* MVBaseModel.h */,
				4C390683160636DB00155E4E /* MVBaseModel.m */,
			);
			path = Models;
			sourceTree = "<group>";
		};
		4C3906651606355500155E4E /* Human */ = {
			isa = PBXGroup;
			children = (
				4C3906661606355500155E4E /* MVAlbum.h */,
				4C3906671606355500155E4E /* MVAlbum.m */,
				4C3906681606355500155E4E /* MVArtist.h */,
				4C3906691606355500155E4E /* MVArtist.m */,
				4C39069316063FD200155E4E /* MVArtistName.h */,
				4C39069416063FD200155E4E /* MVArtistName.m */,
				4CA3D55F16D2CD5900089C63 /* MVOption.h */,
				4CA3D56016D2CD5900089C63 /* MVOption.m */,
			);
			path = Human;
			sourceTree = "<group>";
		};
		4C39066A1606355500155E4E /* Machine */ = {
			isa = PBXGroup;
			children = (
				4C39066B1606355500155E4E /* _MVAlbum.h */,
				4C39066C1606355500155E4E /* _MVAlbum.m */,
				4C39066D1606355500155E4E /* _MVArtist.h */,
				4C39066E1606355500155E4E /* _MVArtist.m */,
				4C39069616063FE400155E4E /* _MVArtistName.h */,
				4C39069716063FE400155E4E /* _MVArtistName.m */,
				4CA3D56216D2CD6400089C63 /* _MVOption.h */,
				4CA3D56316D2CD6400089C63 /* _MVOption.m */,
			);
			path = Machine;
			sourceTree = "<group>";
		};
		4C39068F16063F0200155E4E /* Helpers */ = {
			isa = PBXGroup;
			children = (
				4C3906511606242A00155E4E /* MVJSONGetRequest.h */,
				4C3906521606242A00155E4E /* MVJSONGetRequest.m */,
			);
			name = Helpers;
			sourceTree = "<group>";
		};
		4C39069016063F0B00155E4E /* iTunes API */ = {
			isa = PBXGroup;
			children = (
				4C3906541606247B00155E4E /* MViTunesSearchRequest.h */,
				4C3906551606247B00155E4E /* MViTunesSearchRequest.m */,
				4C39068816063B6400155E4E /* MVArtistIdsRequest.h */,
				4C39068916063B6400155E4E /* MVArtistIdsRequest.m */,
				4C390699160644DB00155E4E /* MVAlbumsRequest.h */,
				4C39069A160644DB00155E4E /* MVAlbumsRequest.m */,
			);
			name = "iTunes API";
			sourceTree = "<group>";
		};
		4C39069116063F2800155E4E /* Categories */ = {
			isa = PBXGroup;
			children = (
				4C51409216067C4B00279CA0 /* NSString+Digest.h */,
				4C51409316067C4B00279CA0 /* NSString+Digest.m */,
				4C39068C16063D8E00155E4E /* NSManagedObjectContext+Saving.h */,
				4C39068D16063D8E00155E4E /* NSManagedObjectContext+Saving.m */,
				4CFE72D91694B97F00DDDF61 /* MVManagedObjectContext.h */,
				4CFE72DA1694B9A100DDDF61 /* MVManagedObjectContext.m */,
				4C39065C16062E4D00155E4E /* NSString+Escaping.h */,
				4C39065D16062E4D00155E4E /* NSString+Escaping.m */,
				4CFE72D61694B93700DDDF61 /* NSObject+PerformBlockOnThread.h */,
				4CFE72D71694B93700DDDF61 /* NSObject+PerformBlockOnThread.m */,
			);
			name = Categories;
			sourceTree = "<group>";
		};
		4C39069216063F3400155E4E /* Controllers */ = {
			isa = PBXGroup;
			children = (
				4C89E15D1618F28B00810C91 /* MVConstants.h */,
				4C39063F1606212F00155E4E /* AppDelegate.h */,
				4C3906401606212F00155E4E /* AppDelegate.m */,
				4C68CA321625FC57005B6878 /* MVRootViewController.h */,
				4C68CA331625FC57005B6878 /* MVRootViewController.m */,
				4C585ED916D6ACDB008A9C23 /* MVFirstSyncViewController.h */,
				4C585EDA16D6ACDB008A9C23 /* MVFirstSyncViewController.m */,
				4C39064D1606229300155E4E /* MVAlbumsViewController.h */,
				4C39064E1606229300155E4E /* MVAlbumsViewController.m */,
			);
			name = Controllers;
			sourceTree = "<group>";
		};
		4C4465C51618BA2900F8D4E3 /* UI */ = {
			isa = PBXGroup;
			children = (
				4C68CA3616260173005B6878 /* MVWindow.h */,
				4C68CA3716260173005B6878 /* MVWindow.m */,
				4C4465C61618BA3700F8D4E3 /* MVView.h */,
				4C4465C71618BA3700F8D4E3 /* MVView.m */,
				4CE87C56169E7A0E00395FAA /* MVCell.h */,
				4CE87C57169E7A0E00395FAA /* MVCell.m */,
				4C5140821606786100279CA0 /* MVAlbumCell.h */,
				4C5140831606786100279CA0 /* MVAlbumCell.m */,
				4CFE72C616934BAA00DDDF61 /* MVRoundedLabelView.h */,
				4CFE72C716934BAA00DDDF61 /* MVRoundedLabelView.m */,
				4C5FCC7D16DBD8CF0054817B /* MVStatusBarOverlay.h */,
				4C5FCC7E16DBD8CF0054817B /* MVStatusBarOverlay.m */,
			);
			name = UI;
			sourceTree = "<group>";
		};
		4C51408616067C2B00279CA0 /* Assets */ = {
			isa = PBXGroup;
			children = (
				4C51408716067C3400279CA0 /* MVAssetsManager.h */,
				4C51408816067C3400279CA0 /* MVAssetsManager.m */,
				4C51408916067C3400279CA0 /* MVAssetsManager_Private.h */,
				4C51408A16067C3400279CA0 /* MVAsset.h */,
				4C51408B16067C3400279CA0 /* MVAsset.m */,
				4C51408C16067C3400279CA0 /* MVAsset_Private.h */,
				4C51408D16067C3400279CA0 /* MVFileDownload.h */,
				4C51408E16067C3400279CA0 /* MVFileDownload.m */,
			);
			name = Assets;
			sourceTree = "<group>";
		};
		4C585EDC16D6B078008A9C23 /* Images */ = {
			isa = PBXGroup;
			children = (
				4C585EE116D6B4A7008A9C23 /* progress_bar_progress@2x.png */,
				4C585EE216D6B4A7008A9C23 /* progress_bar_track@2x.png */,
				4C585EDF16D6B0A5008A9C23 /* flat_icon@2x.png */,
				4CDDE0C916C1BB6400EFA4F8 /* icon.png */,
			);
			name = Images;
			sourceTree = "<group>";
		};
/* End PBXGroup section */

/* Begin PBXNativeTarget section */
		4C39062B1606212F00155E4E /* Albums */ = {
			isa = PBXNativeTarget;
			buildConfigurationList = 4C39064A1606212F00155E4E /* Build configuration list for PBXNativeTarget "Albums" */;
			buildPhases = (
				4C3906281606212F00155E4E /* Sources */,
				4C3906291606212F00155E4E /* Frameworks */,
				4C39062A1606212F00155E4E /* Resources */,
			);
			buildRules = (
			);
			dependencies = (
			);
			name = Albums;
			productName = Albums;
			productReference = 4C39062C1606212F00155E4E /* Albums.app */;
			productType = "com.apple.product-type.application";
		};
/* End PBXNativeTarget section */

/* Begin PBXProject section */
		4C3906231606212F00155E4E /* Project object */ = {
			isa = PBXProject;
			attributes = {
				LastUpgradeCheck = 0440;
				ORGANIZATIONNAME = "Michael Villar";
			};
			buildConfigurationList = 4C3906261606212F00155E4E /* Build configuration list for PBXProject "Albums" */;
			compatibilityVersion = "Xcode 3.2";
			developmentRegion = English;
			hasScannedForEncodings = 0;
			knownRegions = (
				en,
			);
			mainGroup = 4C3906211606212F00155E4E;
			productRefGroup = 4C39062D1606212F00155E4E /* Products */;
			projectDirPath = "";
			projectRoot = "";
			targets = (
				4C39062B1606212F00155E4E /* Albums */,
			);
		};
/* End PBXProject section */

/* Begin PBXResourcesBuildPhase section */
		4C39062A1606212F00155E4E /* Resources */ = {
			isa = PBXResourcesBuildPhase;
			buildActionMask = 2147483647;
			files = (
				4C39063B1606212F00155E4E /* InfoPlist.strings in Resources */,
				4C9E36771654859E00EBF020 /* Default-568h@2x.png in Resources */,
				4C4FD4D316BD544D005DC397 /* Settings.bundle in Resources */,
				4CDDE0CA16C1BB6400EFA4F8 /* icon.png in Resources */,
				4C585EE016D6B0A5008A9C23 /* flat_icon@2x.png in Resources */,
				4C585EE316D6B4A7008A9C23 /* progress_bar_progress@2x.png in Resources */,
				4C585EE416D6B4A7008A9C23 /* progress_bar_track@2x.png in Resources */,
				4C585EE616D6BF3A008A9C23 /* Default@2x.png in Resources */,
			);
			runOnlyForDeploymentPostprocessing = 0;
		};
/* End PBXResourcesBuildPhase section */

/* Begin PBXSourcesBuildPhase section */
		4C3906281606212F00155E4E /* Sources */ = {
			isa = PBXSourcesBuildPhase;
			buildActionMask = 2147483647;
			files = (
				4C39063D1606212F00155E4E /* main.m in Sources */,
				4C3906411606212F00155E4E /* AppDelegate.m in Sources */,
				4C39064F1606229300155E4E /* MVAlbumsViewController.m in Sources */,
				4C3906531606242A00155E4E /* MVJSONGetRequest.m in Sources */,
				4C3906561606247B00155E4E /* MViTunesSearchRequest.m in Sources */,
				4C3906591606281400155E4E /* MVCoreManager.m in Sources */,
				4C39065E16062E4D00155E4E /* NSString+Escaping.m in Sources */,
				4C3906611606341300155E4E /* Model.xcdatamodeld in Sources */,
				4C39066F1606355500155E4E /* MVAlbum.m in Sources */,
				4C3906701606355500155E4E /* MVArtist.m in Sources */,
				4C3906711606355500155E4E /* _MVAlbum.m in Sources */,
				4C3906721606355500155E4E /* _MVArtist.m in Sources */,
				4C390684160636DB00155E4E /* MVBaseModel.m in Sources */,
				4C39068A16063B6400155E4E /* MVArtistIdsRequest.m in Sources */,
				4C39068E16063D8E00155E4E /* NSManagedObjectContext+Saving.m in Sources */,
				4C39069516063FD200155E4E /* MVArtistName.m in Sources */,
				4C39069816063FE400155E4E /* _MVArtistName.m in Sources */,
				4C39069B160644DC00155E4E /* MVAlbumsRequest.m in Sources */,
				4C5140841606786100279CA0 /* MVAlbumCell.m in Sources */,
				4C51408F16067C3400279CA0 /* MVAssetsManager.m in Sources */,
				4C51409016067C3400279CA0 /* MVAsset.m in Sources */,
				4C51409116067C3400279CA0 /* MVFileDownload.m in Sources */,
				4C51409416067C4B00279CA0 /* NSString+Digest.m in Sources */,
				4C4465C81618BA3700F8D4E3 /* MVView.m in Sources */,
				4C68CA341625FC58005B6878 /* MVRootViewController.m in Sources */,
				4C68CA3816260173005B6878 /* MVWindow.m in Sources */,
				4CFE72C816934BAA00DDDF61 /* MVRoundedLabelView.m in Sources */,
				4CFE72D51694B90A00DDDF61 /* MVCoreDataFactory.m in Sources */,
				4CFE72D81694B93700DDDF61 /* NSObject+PerformBlockOnThread.m in Sources */,
				4CFE72DB1694B9A100DDDF61 /* MVManagedObjectContext.m in Sources */,
				4CE87C58169E7A0E00395FAA /* MVCell.m in Sources */,
				4CA3D56116D2CD5900089C63 /* MVOption.m in Sources */,
				4CA3D56416D2CD6400089C63 /* _MVOption.m in Sources */,
				4C585EDB16D6ACDB008A9C23 /* MVFirstSyncViewController.m in Sources */,
				4C5FCC7F16DBD8CF0054817B /* MVStatusBarOverlay.m in Sources */,
			);
			runOnlyForDeploymentPostprocessing = 0;
		};
/* End PBXSourcesBuildPhase section */

/* Begin PBXVariantGroup section */
		4C3906391606212F00155E4E /* InfoPlist.strings */ = {
			isa = PBXVariantGroup;
			children = (
				4C39063A1606212F00155E4E /* en */,
			);
			name = InfoPlist.strings;
			sourceTree = "<group>";
		};
/* End PBXVariantGroup section */

/* Begin XCBuildConfiguration section */
		4C3906481606212F00155E4E /* Debug */ = {
			isa = XCBuildConfiguration;
			buildSettings = {
				ALWAYS_SEARCH_USER_PATHS = NO;
				ARCHS = "$(ARCHS_STANDARD_32_BIT)";
				CLANG_CXX_LANGUAGE_STANDARD = "gnu++0x";
				CLANG_ENABLE_OBJC_ARC = YES;
				CLANG_WARN__DUPLICATE_METHOD_MATCH = YES;
				"CODE_SIGN_IDENTITY[sdk=iphoneos*]" = "iPhone Developer";
				COPY_PHASE_STRIP = NO;
				GCC_C_LANGUAGE_STANDARD = gnu99;
				GCC_DYNAMIC_NO_PIC = NO;
				GCC_OPTIMIZATION_LEVEL = 0;
				GCC_PREPROCESSOR_DEFINITIONS = (
					"DEBUG=1",
					"$(inherited)",
				);
				GCC_SYMBOLS_PRIVATE_EXTERN = NO;
				GCC_VERSION = com.apple.compilers.llvm.clang.1_0;
				GCC_WARN_ABOUT_RETURN_TYPE = YES;
				GCC_WARN_UNINITIALIZED_AUTOS = YES;
				GCC_WARN_UNUSED_VARIABLE = YES;
				IPHONEOS_DEPLOYMENT_TARGET = 5.1;
				SDKROOT = iphoneos;
			};
			name = Debug;
		};
		4C3906491606212F00155E4E /* Release */ = {
			isa = XCBuildConfiguration;
			buildSettings = {
				ALWAYS_SEARCH_USER_PATHS = NO;
				ARCHS = "$(ARCHS_STANDARD_32_BIT)";
				CLANG_CXX_LANGUAGE_STANDARD = "gnu++0x";
				CLANG_ENABLE_OBJC_ARC = YES;
				CLANG_WARN__DUPLICATE_METHOD_MATCH = YES;
				"CODE_SIGN_IDENTITY[sdk=iphoneos*]" = "iPhone Developer";
				COPY_PHASE_STRIP = YES;
				GCC_C_LANGUAGE_STANDARD = gnu99;
				GCC_VERSION = com.apple.compilers.llvm.clang.1_0;
				GCC_WARN_ABOUT_RETURN_TYPE = YES;
				GCC_WARN_UNINITIALIZED_AUTOS = YES;
				GCC_WARN_UNUSED_VARIABLE = YES;
				IPHONEOS_DEPLOYMENT_TARGET = 5.1;
				OTHER_CFLAGS = "-DNS_BLOCK_ASSERTIONS=1";
				SDKROOT = iphoneos;
				VALIDATE_PRODUCT = YES;
			};
			name = Release;
		};
		4C39064B1606212F00155E4E /* Debug */ = {
			isa = XCBuildConfiguration;
			buildSettings = {
				CODE_SIGN_IDENTITY = "iPhone Developer: Michaël Villar (JAT68FWQX5)";
				GCC_PRECOMPILE_PREFIX_HEADER = YES;
				GCC_PREFIX_HEADER = "Albums/Albums-Prefix.pch";
				INFOPLIST_FILE = "Albums/Albums-Info.plist";
				PRODUCT_NAME = "$(TARGET_NAME)";
				PROVISIONING_PROFILE = "94C18D39-91AD-4217-9EE4-D7F442B86EE9";
				WRAPPER_EXTENSION = app;
			};
			name = Debug;
		};
		4C39064C1606212F00155E4E /* Release */ = {
			isa = XCBuildConfiguration;
			buildSettings = {
				CODE_SIGN_IDENTITY = "iPhone Developer: Michaël Villar (JAT68FWQX5)";
				GCC_PRECOMPILE_PREFIX_HEADER = YES;
				GCC_PREFIX_HEADER = "Albums/Albums-Prefix.pch";
				INFOPLIST_FILE = "Albums/Albums-Info.plist";
				PRODUCT_NAME = "$(TARGET_NAME)";
				PROVISIONING_PROFILE = "94C18D39-91AD-4217-9EE4-D7F442B86EE9";
				WRAPPER_EXTENSION = app;
			};
			name = Release;
		};
/* End XCBuildConfiguration section */

/* Begin XCConfigurationList section */
		4C3906261606212F00155E4E /* Build configuration list for PBXProject "Albums" */ = {
			isa = XCConfigurationList;
			buildConfigurations = (
				4C3906481606212F00155E4E /* Debug */,
				4C3906491606212F00155E4E /* Release */,
			);
			defaultConfigurationIsVisible = 0;
			defaultConfigurationName = Release;
		};
		4C39064A1606212F00155E4E /* Build configuration list for PBXNativeTarget "Albums" */ = {
			isa = XCConfigurationList;
			buildConfigurations = (
				4C39064B1606212F00155E4E /* Debug */,
				4C39064C1606212F00155E4E /* Release */,
			);
			defaultConfigurationIsVisible = 0;
			defaultConfigurationName = Release;
		};
/* End XCConfigurationList section */

/* Begin XCVersionGroup section */
		4C39065F1606341300155E4E /* Model.xcdatamodeld */ = {
			isa = XCVersionGroup;
			children = (
				4C3906601606341300155E4E /* Model.xcdatamodel */,
			);
			currentVersion = 4C3906601606341300155E4E /* Model.xcdatamodel */;
			path = Model.xcdatamodeld;
			sourceTree = "<group>";
			versionGroupType = wrapper.xcdatamodel;
		};
/* End XCVersionGroup section */
	};
	rootObject = 4C3906231606212F00155E4E /* Project object */;
}
